
Microsoft Visual Studio Solution File, Format Version 12.00
# Visual Studio Version 17
VisualStudioVersion = 17.0.31710.8
MinimumVisualStudioVersion = 10.0.40219.1
Project("{9A19103F-16F7-4668-BE54-9A1E7A4F7556}") = "PasswordManager", "PasswordManager\PasswordManager.csproj", "{60792F78-F242-4695-BAE4-4A814122A3C1}"
EndProject
Project("{FAE04EC0-301F-11D3-BF4B-00C04F79EFBC}") = "DatabaseLib", "DatabaseLib\DatabaseLib.csproj", "{8331BD31-E24F-42D1-AED0-EDF516D8656E}"
EndProject
Project("{FAE04EC0-301F-11D3-BF4B-00C04F79EFBC}") = "ModelsLib", "ModelsLib\ModelsLib.csproj", "{F0F5390B-7D89-4FE8-9F9F-8F75E5F1AEDA}"
EndProject
Project("{FAE04EC0-301F-11D3-BF4B-00C04F79EFBC}") = "CryptographyLib", "CryptographyLib\CryptographyLib.csproj", "{78199C0F-7372-4F94-AA91-E5CB0E7A323D}"
EndProject
Global
	GlobalSection(SolutionConfigurationPlatforms) = preSolution
		Debug|Any CPU = Debug|Any CPU
		Release|Any CPU = Release|Any CPU
	EndGlobalSection
	GlobalSection(ProjectConfigurationPlatforms) = postSolution
		{60792F78-F242-4695-BAE4-4A814122A3C1}.Debug|Any CPU.ActiveCfg = Debug|Any CPU
		{60792F78-F242-4695-BAE4-4A814122A3C1}.Debug|Any CPU.Build.0 = Debug|Any CPU
		{60792F78-F242-4695-BAE4-4A814122A3C1}.Debug|Any CPU.Deploy.0 = Debug|Any CPU
		{60792F78-F242-4695-BAE4-4A814122A3C1}.Release|Any CPU.ActiveCfg = Release|Any CPU
		{60792F78-F242-4695-BAE4-4A814122A3C1}.Release|Any CPU.Build.0 = Release|Any CPU
		{8331BD31-E24F-42D1-AED0-EDF516D8656E}.Debug|Any CPU.ActiveCfg = Debug|Any CPU
		{8331BD31-E24F-42D1-AED0-EDF516D8656E}.Debug|Any CPU.Build.0 = Debug|Any CPU
		{8331BD31-E24F-42D1-AED0-EDF516D8656E}.Release|Any CPU.ActiveCfg = Release|Any CPU
		{8331BD31-E24F-42D1-AED0-EDF516D8656E}.Release|Any CPU.Build.0 = Release|Any CPU
		{F0F5390B-7D89-4FE8-9F9F-8F75E5F1AEDA}.Debug|Any CPU.ActiveCfg = Debug|Any CPU
		{F0F5390B-7D89-4FE8-9F9F-8F75E5F1AEDA}.Debug|Any CPU.Build.0 = Debug|Any CPU
		{F0F5390B-7D89-4FE8-9F9F-8F75E5F1AEDA}.Release|Any CPU.ActiveCfg = Release|Any CPU
		{F0F5390B-7D89-4FE8-9F9F-8F75E5F1AEDA}.Release|Any CPU.Build.0 = Release|Any CPU
		{78199C0F-7372-4F94-AA91-E5CB0E7A323D}.Debug|Any CPU.ActiveCfg = Debug|Any CPU
		{78199C0F-7372-4F94-AA91-E5CB0E7A323D}.Debug|Any CPU.Build.0 = Debug|Any CPU
		{78199C0F-7372-4F94-AA91-E5CB0E7A323D}.Release|Any CPU.ActiveCfg = Release|Any CPU
		{78199C0F-7372-4F94-AA91-E5CB0E7A323D}.Release|Any CPU.Build.0 = Release|Any CPU
	EndGlobalSection
	GlobalSection(SolutionProperties) = preSolution
		HideSolutionNode = FALSE
	EndGlobalSection
	GlobalSection(ExtensibilityGlobals) = postSolution
		SolutionGuid = {7D47D47C-DD81-4A57-8FA9-22B4D0148FC4}
	EndGlobalSection
EndGlobal
