
Microsoft Visual Studio Solution File, Format Version 12.00
# Visual Studio Version 17
VisualStudioVersion = 17.0.31710.8
MinimumVisualStudioVersion = 10.0.40219.1
Project("{9A19103F-16F7-4668-BE54-9A1E7A4F7556}") = "PasswordManager", "PasswordManager\PasswordManager.csproj", "{60792F78-F242-4695-BAE4-4A814122A3C1}"
EndProject
Project("{9A19103F-16F7-4668-BE54-9A1E7A4F7556}") = "MAUICryptographyLib", "MAUICryptographyLib\MAUICryptographyLib.csproj", "{3BD47D0C-52E9-48C1-B7B6-D092C44FE4E2}"
EndProject
Project("{9A19103F-16F7-4668-BE54-9A1E7A4F7556}") = "MAUIDatabaseLib", "MAUIDatabaseLib\MAUIDatabaseLib.csproj", "{7B75C674-044A-4260-B5F0-77F05221233F}"
EndProject
Project("{9A19103F-16F7-4668-BE54-9A1E7A4F7556}") = "MAUIModelsLib", "MAUIModelsLib\MAUIModelsLib.csproj", "{FE4E9A6B-EC92-4967-B451-FD0EC2D303AE}"
EndProject
Project("{9A19103F-16F7-4668-BE54-9A1E7A4F7556}") = "PasswordManager.WebAPI", "PasswordManager.WebAPI\PasswordManager.WebAPI.csproj", "{C4E09714-9FB6-4C40-80B0-CF3B1759954D}"
EndProject
Project("{54A90642-561A-4BB1-A94E-469ADEE60C69}") = "PasswordManager.Client", "PasswordManager.Client\PasswordManager.Client.esproj", "{2CB3CB79-AFF9-4921-B33C-2640D15ED336}"
EndProject
Global
	GlobalSection(SolutionConfigurationPlatforms) = preSolution
		Debug|Any CPU = Debug|Any CPU
		Release|Any CPU = Release|Any CPU
	EndGlobalSection
	GlobalSection(ProjectConfigurationPlatforms) = postSolution
		{60792F78-F242-4695-BAE4-4A814122A3C1}.Debug|Any CPU.ActiveCfg = Debug|Any CPU
		{60792F78-F242-4695-BAE4-4A814122A3C1}.Debug|Any CPU.Build.0 = Debug|Any CPU
		{60792F78-F242-4695-BAE4-4A814122A3C1}.Debug|Any CPU.Deploy.0 = Debug|Any CPU
		{60792F78-F242-4695-BAE4-4A814122A3C1}.Release|Any CPU.ActiveCfg = Release|Any CPU
		{60792F78-F242-4695-BAE4-4A814122A3C1}.Release|Any CPU.Build.0 = Release|Any CPU
		{3BD47D0C-52E9-48C1-B7B6-D092C44FE4E2}.Debug|Any CPU.ActiveCfg = Debug|Any CPU
		{3BD47D0C-52E9-48C1-B7B6-D092C44FE4E2}.Debug|Any CPU.Build.0 = Debug|Any CPU
		{3BD47D0C-52E9-48C1-B7B6-D092C44FE4E2}.Release|Any CPU.ActiveCfg = Release|Any CPU
		{3BD47D0C-52E9-48C1-B7B6-D092C44FE4E2}.Release|Any CPU.Build.0 = Release|Any CPU
		{7B75C674-044A-4260-B5F0-77F05221233F}.Debug|Any CPU.ActiveCfg = Debug|Any CPU
		{7B75C674-044A-4260-B5F0-77F05221233F}.Debug|Any CPU.Build.0 = Debug|Any CPU
		{7B75C674-044A-4260-B5F0-77F05221233F}.Release|Any CPU.ActiveCfg = Release|Any CPU
		{7B75C674-044A-4260-B5F0-77F05221233F}.Release|Any CPU.Build.0 = Release|Any CPU
		{FE4E9A6B-EC92-4967-B451-FD0EC2D303AE}.Debug|Any CPU.ActiveCfg = Debug|Any CPU
		{FE4E9A6B-EC92-4967-B451-FD0EC2D303AE}.Debug|Any CPU.Build.0 = Debug|Any CPU
		{FE4E9A6B-EC92-4967-B451-FD0EC2D303AE}.Release|Any CPU.ActiveCfg = Release|Any CPU
		{FE4E9A6B-EC92-4967-B451-FD0EC2D303AE}.Release|Any CPU.Build.0 = Release|Any CPU
		{C4E09714-9FB6-4C40-80B0-CF3B1759954D}.Debug|Any CPU.ActiveCfg = Debug|Any CPU
		{C4E09714-9FB6-4C40-80B0-CF3B1759954D}.Debug|Any CPU.Build.0 = Debug|Any CPU
		{C4E09714-9FB6-4C40-80B0-CF3B1759954D}.Release|Any CPU.ActiveCfg = Release|Any CPU
		{C4E09714-9FB6-4C40-80B0-CF3B1759954D}.Release|Any CPU.Build.0 = Release|Any CPU
		{2CB3CB79-AFF9-4921-B33C-2640D15ED336}.Debug|Any CPU.ActiveCfg = Debug|Any CPU
		{2CB3CB79-AFF9-4921-B33C-2640D15ED336}.Debug|Any CPU.Build.0 = Debug|Any CPU
		{2CB3CB79-AFF9-4921-B33C-2640D15ED336}.Debug|Any CPU.Deploy.0 = Debug|Any CPU
		{2CB3CB79-AFF9-4921-B33C-2640D15ED336}.Release|Any CPU.ActiveCfg = Release|Any CPU
		{2CB3CB79-AFF9-4921-B33C-2640D15ED336}.Release|Any CPU.Build.0 = Release|Any CPU
		{2CB3CB79-AFF9-4921-B33C-2640D15ED336}.Release|Any CPU.Deploy.0 = Release|Any CPU
	EndGlobalSection
	GlobalSection(SolutionProperties) = preSolution
		HideSolutionNode = FALSE
	EndGlobalSection
	GlobalSection(ExtensibilityGlobals) = postSolution
		SolutionGuid = {7D47D47C-DD81-4A57-8FA9-22B4D0148FC4}
	EndGlobalSection
EndGlobal
