
Microsoft Visual Studio Solution File, Format Version 12.00
# Visual Studio Version 17
VisualStudioVersion = 17.0.31710.8
MinimumVisualStudioVersion = 10.0.40219.1
Project("{9A19103F-16F7-4668-BE54-9A1E7A4F7556}") = "PasswordManager", "PasswordManager\PasswordManager.csproj", "{60792F78-F242-4695-BAE4-4A814122A3C1}"
EndProject
Project("{9A19103F-16F7-4668-BE54-9A1E7A4F7556}") = "MAUICryptographyLib", "MAUICryptographyLib\MAUICryptographyLib.csproj", "{3BD47D0C-52E9-48C1-B7B6-D092C44FE4E2}"
EndProject
Project("{9A19103F-16F7-4668-BE54-9A1E7A4F7556}") = "MAUIDatabaseLib", "MAUIDatabaseLib\MAUIDatabaseLib.csproj", "{7B75C674-044A-4260-B5F0-77F05221233F}"
EndProject
Project("{9A19103F-16F7-4668-BE54-9A1E7A4F7556}") = "MAUIModelsLib", "MAUIModelsLib\MAUIModelsLib.csproj", "{FE4E9A6B-EC92-4967-B451-FD0EC2D303AE}"
EndProject
Project("{9A19103F-16F7-4668-BE54-9A1E7A4F7556}") = "PasswordManager.WebAPI", "PasswordManager.WebAPI\PasswordManager.WebAPI.csproj", "{C4E09714-9FB6-4C40-80B0-CF3B1759954D}"
EndProject
Project("{54A90642-561A-4BB1-A94E-469ADEE60C69}") = "PasswordManager.Client", "PasswordManager.Client\PasswordManager.Client.esproj", "{2CB3CB79-AFF9-4921-B33C-2640D15ED336}"
EndProject
Project("{9A19103F-16F7-4668-BE54-9A1E7A4F7556}") = "LoggerService", "LoggerService\LoggerService.csproj", "{ED25E095-123B-4A9F-A24A-8627832371EF}"
EndProject
Project("{9A19103F-16F7-4668-BE54-9A1E7A4F7556}") = "Services.Abstraction", "Services.Abstraction\Services.Abstraction.csproj", "{B1B596F8-AE62-43DB-9711-417F69A17C2B}"
EndProject
Project("{9A19103F-16F7-4668-BE54-9A1E7A4F7556}") = "Models", "Models\Models.csproj", "{40C36178-DADA-4A09-8911-6E1B2044E113}"
EndProject
Project("{2150E333-8FDC-42A3-9474-1A3956D46DE8}") = "Services", "Services", "{F17AF316-3587-4E54-88CE-FC2E4B103BDB}"
EndProject
Project("{2150E333-8FDC-42A3-9474-1A3956D46DE8}") = "MAUI", "MAUI", "{2E241733-81F5-4538-B96B-1977E548D427}"
EndProject
Global
	GlobalSection(SolutionConfigurationPlatforms) = preSolution
		Debug|Any CPU = Debug|Any CPU
		Release|Any CPU = Release|Any CPU
	EndGlobalSection
	GlobalSection(ProjectConfigurationPlatforms) = postSolution
		{60792F78-F242-4695-BAE4-4A814122A3C1}.Debug|Any CPU.ActiveCfg = Debug|Any CPU
		{60792F78-F242-4695-BAE4-4A814122A3C1}.Debug|Any CPU.Build.0 = Debug|Any CPU
		{60792F78-F242-4695-BAE4-4A814122A3C1}.Debug|Any CPU.Deploy.0 = Debug|Any CPU
		{60792F78-F242-4695-BAE4-4A814122A3C1}.Release|Any CPU.ActiveCfg = Release|Any CPU
		{60792F78-F242-4695-BAE4-4A814122A3C1}.Release|Any CPU.Build.0 = Release|Any CPU
		{3BD47D0C-52E9-48C1-B7B6-D092C44FE4E2}.Debug|Any CPU.ActiveCfg = Debug|Any CPU
		{3BD47D0C-52E9-48C1-B7B6-D092C44FE4E2}.Debug|Any CPU.Build.0 = Debug|Any CPU
		{3BD47D0C-52E9-48C1-B7B6-D092C44FE4E2}.Release|Any CPU.ActiveCfg = Release|Any CPU
		{3BD47D0C-52E9-48C1-B7B6-D092C44FE4E2}.Release|Any CPU.Build.0 = Release|Any CPU
		{7B75C674-044A-4260-B5F0-77F05221233F}.Debug|Any CPU.ActiveCfg = Debug|Any CPU
		{7B75C674-044A-4260-B5F0-77F05221233F}.Debug|Any CPU.Build.0 = Debug|Any CPU
		{7B75C674-044A-4260-B5F0-77F05221233F}.Release|Any CPU.ActiveCfg = Release|Any CPU
		{7B75C674-044A-4260-B5F0-77F05221233F}.Release|Any CPU.Build.0 = Release|Any CPU
		{FE4E9A6B-EC92-4967-B451-FD0EC2D303AE}.Debug|Any CPU.ActiveCfg = Debug|Any CPU
		{FE4E9A6B-EC92-4967-B451-FD0EC2D303AE}.Debug|Any CPU.Build.0 = Debug|Any CPU
		{FE4E9A6B-EC92-4967-B451-FD0EC2D303AE}.Release|Any CPU.ActiveCfg = Release|Any CPU
		{FE4E9A6B-EC92-4967-B451-FD0EC2D303AE}.Release|Any CPU.Build.0 = Release|Any CPU
		{C4E09714-9FB6-4C40-80B0-CF3B1759954D}.Debug|Any CPU.ActiveCfg = Debug|Any CPU
		{C4E09714-9FB6-4C40-80B0-CF3B1759954D}.Debug|Any CPU.Build.0 = Debug|Any CPU
		{C4E09714-9FB6-4C40-80B0-CF3B1759954D}.Release|Any CPU.ActiveCfg = Release|Any CPU
		{C4E09714-9FB6-4C40-80B0-CF3B1759954D}.Release|Any CPU.Build.0 = Release|Any CPU
		{2CB3CB79-AFF9-4921-B33C-2640D15ED336}.Debug|Any CPU.ActiveCfg = Debug|Any CPU
		{2CB3CB79-AFF9-4921-B33C-2640D15ED336}.Debug|Any CPU.Build.0 = Debug|Any CPU
		{2CB3CB79-AFF9-4921-B33C-2640D15ED336}.Debug|Any CPU.Deploy.0 = Debug|Any CPU
		{2CB3CB79-AFF9-4921-B33C-2640D15ED336}.Release|Any CPU.ActiveCfg = Release|Any CPU
		{2CB3CB79-AFF9-4921-B33C-2640D15ED336}.Release|Any CPU.Build.0 = Release|Any CPU
		{2CB3CB79-AFF9-4921-B33C-2640D15ED336}.Release|Any CPU.Deploy.0 = Release|Any CPU
		{ED25E095-123B-4A9F-A24A-8627832371EF}.Debug|Any CPU.ActiveCfg = Debug|Any CPU
		{ED25E095-123B-4A9F-A24A-8627832371EF}.Debug|Any CPU.Build.0 = Debug|Any CPU
		{ED25E095-123B-4A9F-A24A-8627832371EF}.Release|Any CPU.ActiveCfg = Release|Any CPU
		{ED25E095-123B-4A9F-A24A-8627832371EF}.Release|Any CPU.Build.0 = Release|Any CPU
		{B1B596F8-AE62-43DB-9711-417F69A17C2B}.Debug|Any CPU.ActiveCfg = Debug|Any CPU
		{B1B596F8-AE62-43DB-9711-417F69A17C2B}.Debug|Any CPU.Build.0 = Debug|Any CPU
		{B1B596F8-AE62-43DB-9711-417F69A17C2B}.Release|Any CPU.ActiveCfg = Release|Any CPU
		{B1B596F8-AE62-43DB-9711-417F69A17C2B}.Release|Any CPU.Build.0 = Release|Any CPU
		{40C36178-DADA-4A09-8911-6E1B2044E113}.Debug|Any CPU.ActiveCfg = Debug|Any CPU
		{40C36178-DADA-4A09-8911-6E1B2044E113}.Debug|Any CPU.Build.0 = Debug|Any CPU
		{40C36178-DADA-4A09-8911-6E1B2044E113}.Release|Any CPU.ActiveCfg = Release|Any CPU
		{40C36178-DADA-4A09-8911-6E1B2044E113}.Release|Any CPU.Build.0 = Release|Any CPU
	EndGlobalSection
	GlobalSection(SolutionProperties) = preSolution
		HideSolutionNode = FALSE
	EndGlobalSection
	GlobalSection(NestedProjects) = preSolution
		{60792F78-F242-4695-BAE4-4A814122A3C1} = {2E241733-81F5-4538-B96B-1977E548D427}
		{3BD47D0C-52E9-48C1-B7B6-D092C44FE4E2} = {2E241733-81F5-4538-B96B-1977E548D427}
		{7B75C674-044A-4260-B5F0-77F05221233F} = {2E241733-81F5-4538-B96B-1977E548D427}
		{FE4E9A6B-EC92-4967-B451-FD0EC2D303AE} = {2E241733-81F5-4538-B96B-1977E548D427}
		{ED25E095-123B-4A9F-A24A-8627832371EF} = {F17AF316-3587-4E54-88CE-FC2E4B103BDB}
		{B1B596F8-AE62-43DB-9711-417F69A17C2B} = {F17AF316-3587-4E54-88CE-FC2E4B103BDB}
	EndGlobalSection
	GlobalSection(ExtensibilityGlobals) = postSolution
		SolutionGuid = {7D47D47C-DD81-4A57-8FA9-22B4D0148FC4}
	EndGlobalSection
EndGlobal
