
Microsoft Visual Studio Solution File, Format Version 12.00
# Visual Studio Version 17
VisualStudioVersion = 17.3.32929.385
MinimumVisualStudioVersion = 10.0.40219.1
Project("{9A19103F-16F7-4668-BE54-9A1E7A4F7556}") = "Services.Abstraction", "..\Services.Abstraction\Services.Abstraction.csproj", "{C2629129-AA57-4296-A60E-F8C8F6C5939C}"
EndProject
Project("{9A19103F-16F7-4668-BE54-9A1E7A4F7556}") = "Services", "..\Services\Services.csproj", "{F762D311-E17E-4D65-8525-132810F17CDD}"
EndProject
Project("{9A19103F-16F7-4668-BE54-9A1E7A4F7556}") = "Persistance", "..\EFDataAccessLib\Persistance.csproj", "{48021761-8001-4899-A775-4DFACABC13C4}"
EndProject
Project("{9A19103F-16F7-4668-BE54-9A1E7A4F7556}") = "Models", "..\Models\Models.csproj", "{D8D2F413-06CE-4EBA-8E3A-2174392F9E92}"
EndProject
Project("{9A19103F-16F7-4668-BE54-9A1E7A4F7556}") = "LoggerService", "..\LoggerService\LoggerService.csproj", "{A540F127-E547-4FB8-8B80-8497212A538D}"
EndProject
Project("{2150E333-8FDC-42A3-9474-1A3956D46DE8}") = "Services", "Services", "{3F6DE9A0-F05A-49E6-A3A0-8173579D52F3}"
EndProject
Project("{9A19103F-16F7-4668-BE54-9A1E7A4F7556}") = "MAUIDatabaseLib", "..\MAUIDatabaseLib\MAUIDatabaseLib.csproj", "{BE5A3837-6571-4864-A965-A4EAE4C87535}"
EndProject
Project("{2150E333-8FDC-42A3-9474-1A3956D46DE8}") = "Libraries", "Libraries", "{41523AFB-BAD2-419A-9CF9-B8D5C361E6B6}"
EndProject
Project("{9A19103F-16F7-4668-BE54-9A1E7A4F7556}") = "PasswordManager.MAUI", "PasswordManager.MAUI\PasswordManager.MAUI.csproj", "{86F725B4-69CD-4185-94AC-C6F86BD39099}"
EndProject
Global
	GlobalSection(SolutionConfigurationPlatforms) = preSolution
		Debug|Any CPU = Debug|Any CPU
		Release|Any CPU = Release|Any CPU
	EndGlobalSection
	GlobalSection(ProjectConfigurationPlatforms) = postSolution
		{C2629129-AA57-4296-A60E-F8C8F6C5939C}.Debug|Any CPU.ActiveCfg = Debug|Any CPU
		{C2629129-AA57-4296-A60E-F8C8F6C5939C}.Debug|Any CPU.Build.0 = Debug|Any CPU
		{C2629129-AA57-4296-A60E-F8C8F6C5939C}.Release|Any CPU.ActiveCfg = Release|Any CPU
		{C2629129-AA57-4296-A60E-F8C8F6C5939C}.Release|Any CPU.Build.0 = Release|Any CPU
		{F762D311-E17E-4D65-8525-132810F17CDD}.Debug|Any CPU.ActiveCfg = Debug|Any CPU
		{F762D311-E17E-4D65-8525-132810F17CDD}.Debug|Any CPU.Build.0 = Debug|Any CPU
		{F762D311-E17E-4D65-8525-132810F17CDD}.Release|Any CPU.ActiveCfg = Release|Any CPU
		{F762D311-E17E-4D65-8525-132810F17CDD}.Release|Any CPU.Build.0 = Release|Any CPU
		{48021761-8001-4899-A775-4DFACABC13C4}.Debug|Any CPU.ActiveCfg = Debug|Any CPU
		{48021761-8001-4899-A775-4DFACABC13C4}.Debug|Any CPU.Build.0 = Debug|Any CPU
		{48021761-8001-4899-A775-4DFACABC13C4}.Release|Any CPU.ActiveCfg = Release|Any CPU
		{48021761-8001-4899-A775-4DFACABC13C4}.Release|Any CPU.Build.0 = Release|Any CPU
		{D8D2F413-06CE-4EBA-8E3A-2174392F9E92}.Debug|Any CPU.ActiveCfg = Debug|Any CPU
		{D8D2F413-06CE-4EBA-8E3A-2174392F9E92}.Debug|Any CPU.Build.0 = Debug|Any CPU
		{D8D2F413-06CE-4EBA-8E3A-2174392F9E92}.Release|Any CPU.ActiveCfg = Release|Any CPU
		{D8D2F413-06CE-4EBA-8E3A-2174392F9E92}.Release|Any CPU.Build.0 = Release|Any CPU
		{A540F127-E547-4FB8-8B80-8497212A538D}.Debug|Any CPU.ActiveCfg = Debug|Any CPU
		{A540F127-E547-4FB8-8B80-8497212A538D}.Debug|Any CPU.Build.0 = Debug|Any CPU
		{A540F127-E547-4FB8-8B80-8497212A538D}.Release|Any CPU.ActiveCfg = Release|Any CPU
		{A540F127-E547-4FB8-8B80-8497212A538D}.Release|Any CPU.Build.0 = Release|Any CPU
		{BE5A3837-6571-4864-A965-A4EAE4C87535}.Debug|Any CPU.ActiveCfg = Debug|Any CPU
		{BE5A3837-6571-4864-A965-A4EAE4C87535}.Debug|Any CPU.Build.0 = Debug|Any CPU
		{BE5A3837-6571-4864-A965-A4EAE4C87535}.Release|Any CPU.ActiveCfg = Release|Any CPU
		{BE5A3837-6571-4864-A965-A4EAE4C87535}.Release|Any CPU.Build.0 = Release|Any CPU
		{86F725B4-69CD-4185-94AC-C6F86BD39099}.Debug|Any CPU.ActiveCfg = Debug|Any CPU
		{86F725B4-69CD-4185-94AC-C6F86BD39099}.Debug|Any CPU.Build.0 = Debug|Any CPU
		{86F725B4-69CD-4185-94AC-C6F86BD39099}.Debug|Any CPU.Deploy.0 = Debug|Any CPU
		{86F725B4-69CD-4185-94AC-C6F86BD39099}.Release|Any CPU.ActiveCfg = Release|Any CPU
		{86F725B4-69CD-4185-94AC-C6F86BD39099}.Release|Any CPU.Build.0 = Release|Any CPU
		{86F725B4-69CD-4185-94AC-C6F86BD39099}.Release|Any CPU.Deploy.0 = Release|Any CPU
	EndGlobalSection
	GlobalSection(SolutionProperties) = preSolution
		HideSolutionNode = FALSE
	EndGlobalSection
	GlobalSection(NestedProjects) = preSolution
		{C2629129-AA57-4296-A60E-F8C8F6C5939C} = {3F6DE9A0-F05A-49E6-A3A0-8173579D52F3}
		{F762D311-E17E-4D65-8525-132810F17CDD} = {3F6DE9A0-F05A-49E6-A3A0-8173579D52F3}
		{48021761-8001-4899-A775-4DFACABC13C4} = {41523AFB-BAD2-419A-9CF9-B8D5C361E6B6}
		{D8D2F413-06CE-4EBA-8E3A-2174392F9E92} = {41523AFB-BAD2-419A-9CF9-B8D5C361E6B6}
		{A540F127-E547-4FB8-8B80-8497212A538D} = {3F6DE9A0-F05A-49E6-A3A0-8173579D52F3}
		{3F6DE9A0-F05A-49E6-A3A0-8173579D52F3} = {41523AFB-BAD2-419A-9CF9-B8D5C361E6B6}
		{BE5A3837-6571-4864-A965-A4EAE4C87535} = {41523AFB-BAD2-419A-9CF9-B8D5C361E6B6}
	EndGlobalSection
	GlobalSection(ExtensibilityGlobals) = postSolution
		SolutionGuid = {CE89F246-43BF-447B-8279-FA757AC6D942}
	EndGlobalSection
EndGlobal
